{
  "name": "motionandvibration",
  "version": "1.0.0",
  "lockfileVersion": 1,
  "requires": true,
  "dependencies": {
    "jquery": {
      "version": "2.2.0",
      "resolved": "https://registry.npmjs.org/jquery/-/jquery-2.2.0.tgz",
      "integrity": "sha1-0OhOu/GZ2lG/fsOTB/GbNXVOnLo=",
      "dev": true
    },
    "vue": {
      "version": "2.1.10",
      "resolved": "https://registry.npmjs.org/vue/-/vue-2.1.10.tgz",
      "integrity": "sha1-ySNcpIx5JRN75YB4MqxOOsGAQns=",
      "dev": true
    },
    "vue-resource": {
      "version": "1.0.3",
      "resolved": "https://registry.npmjs.org/vue-resource/-/vue-resource-1.0.3.tgz",
      "integrity": "sha1-jVLQ2KntXyrnBMaNUwyEzq+XvhQ=",
      "dev": true
    },
    "vuetify": {
      "version": "0.14.11",
      "resolved": "https://registry.npmjs.org/vuetify/-/vuetify-0.14.11.tgz",
      "integrity": "sha512-FEV8hrqL21nAaTNGlwwuo0p/t8K3s9kiP16sRlz5SESsQaOigqu1eBwce6tXP3cVbysQ7kAo/I9Nw4QeWA/f9w==",
      "dev": true
    }
  }
}
