{
  "name": "motionandvibration",
  "version": "1.0.0",
  "lockfileVersion": 1,
  "requires": true,
  "dependencies": {
    "jquery": {
      "version": "2.2.0",
      "resolved": "https://registry.npmjs.org/jquery/-/jquery-2.2.0.tgz",
      "integrity": "sha1-0OhOu/GZ2lG/fsOTB/GbNXVOnLo=",
      "dev": true
    },
    "leaflet": {
      "version": "1.2.0",
      "resolved": "https://registry.npmjs.org/leaflet/-/leaflet-1.2.0.tgz",
      "integrity": "sha512-Bold8phAE6WcRsuwhofrQ7cOK1REFHaYIkKuj7+TBYK3ONKRpGGIb5oXR5akYotFnrWN0TWKh6Svlhflm3dogg==",
      "dev": true
    },
    "vue": {
      "version": "2.1.10",
      "resolved": "https://registry.npmjs.org/vue/-/vue-2.1.10.tgz",
      "integrity": "sha1-ySNcpIx5JRN75YB4MqxOOsGAQns=",
      "dev": true
    },
    "vue-resource": {
      "version": "1.0.3",
      "resolved": "https://registry.npmjs.org/vue-resource/-/vue-resource-1.0.3.tgz",
      "integrity": "sha1-jVLQ2KntXyrnBMaNUwyEzq+XvhQ=",
      "dev": true
    },
    "vue2-leaflet": {
      "version": "0.0.53",
      "resolved": "https://registry.npmjs.org/vue2-leaflet/-/vue2-leaflet-0.0.53.tgz",
      "integrity": "sha1-B/KXWgp1kYwSJUXtkT4eFT/sj4A=",
      "dev": true,
      "requires": {
        "leaflet": "1.2.0",
        "vue": "2.1.10"
      }
    },
    "vuetify": {
      "version": "0.14.11",
      "resolved": "https://registry.npmjs.org/vuetify/-/vuetify-0.14.11.tgz",
      "integrity": "sha512-FEV8hrqL21nAaTNGlwwuo0p/t8K3s9kiP16sRlz5SESsQaOigqu1eBwce6tXP3cVbysQ7kAo/I9Nw4QeWA/f9w==",
      "dev": true
    }
  }
}
